// !$*UTF8*$!
{
	archiveVersion = 1;
	classes = {
	};
	objectVersion = 46;
	objects = {

/* Begin PBXBuildFile section */
		50A1E2A3166E90100045B1E7 /* UIKit.framework in Frameworks */ = {isa = PBXBuildFile; fileRef = 50A1E2A2166E90100045B1E7 /* UIKit.framework */; };
		50A1E2A5166E90100045B1E7 /* Foundation.framework in Frameworks */ = {isa = PBXBuildFile; fileRef = 50A1E2A4166E90100045B1E7 /* Foundation.framework */; };
		50A1E2A7166E90100045B1E7 /* CoreGraphics.framework in Frameworks */ = {isa = PBXBuildFile; fileRef = 50A1E2A6166E90100045B1E7 /* CoreGraphics.framework */; };
		50A1E2A9166E90100045B1E7 /* CoreData.framework in Frameworks */ = {isa = PBXBuildFile; fileRef = 50A1E2A8166E90100045B1E7 /* CoreData.framework */; };
		50A1E2AF166E90100045B1E7 /* InfoPlist.strings in Resources */ = {isa = PBXBuildFile; fileRef = 50A1E2AD166E90100045B1E7 /* InfoPlist.strings */; };
		50A1E2B1166E90100045B1E7 /* main.m in Sources */ = {isa = PBXBuildFile; fileRef = 50A1E2B0166E90100045B1E7 /* main.m */; };
		50A1E2B5166E90100045B1E7 /* MSAppDelegate.m in Sources */ = {isa = PBXBuildFile; fileRef = 50A1E2B4166E90100045B1E7 /* MSAppDelegate.m */; };
		50A1E2B7166E90100045B1E7 /* Default.png in Resources */ = {isa = PBXBuildFile; fileRef = 50A1E2B6166E90100045B1E7 /* Default.png */; };
		50A1E2B9166E90100045B1E7 /* Default@2x.png in Resources */ = {isa = PBXBuildFile; fileRef = 50A1E2B8166E90100045B1E7 /* Default@2x.png */; };
		50A1E2BB166E90100045B1E7 /* Default-568h@2x.png in Resources */ = {isa = PBXBuildFile; fileRef = 50A1E2BA166E90100045B1E7 /* Default-568h@2x.png */; };
		50A1E2BE166E90100045B1E7 /* Modern_Sabahlar.xcdatamodeld in Sources */ = {isa = PBXBuildFile; fileRef = 50A1E2BC166E90100045B1E7 /* Modern_Sabahlar.xcdatamodeld */; };
		50A1E2C5166E913E0045B1E7 /* iPhone.storyboard in Resources */ = {isa = PBXBuildFile; fileRef = 50A1E2C4166E913E0045B1E7 /* iPhone.storyboard */; };
		50A1E2C7166E914B0045B1E7 /* iPad.storyboard in Resources */ = {isa = PBXBuildFile; fileRef = 50A1E2C6166E914B0045B1E7 /* iPad.storyboard */; };
		50A1E2CA166E91D10045B1E7 /* MSiPhoneTableViewController.m in Sources */ = {isa = PBXBuildFile; fileRef = 50A1E2C9166E91D10045B1E7 /* MSiPhoneTableViewController.m */; };
		50A1E2CD166E92100045B1E7 /* MSiPhoneNavigationViewController.m in Sources */ = {isa = PBXBuildFile; fileRef = 50A1E2CC166E92100045B1E7 /* MSiPhoneNavigationViewController.m */; };
		50A1E2D0166E962F0045B1E7 /* MSUnplayedSwitch.m in Sources */ = {isa = PBXBuildFile; fileRef = 50A1E2CF166E962F0045B1E7 /* MSUnplayedSwitch.m */; };
		50A1E2D3166E968E0045B1E7 /* Podcast.m in Sources */ = {isa = PBXBuildFile; fileRef = 50A1E2D2166E968E0045B1E7 /* Podcast.m */; };
/* End PBXBuildFile section */

/* Begin PBXFileReference section */
		50A1E29E166E90100045B1E7 /* Modern Sabahlar.app */ = {isa = PBXFileReference; explicitFileType = wrapper.application; includeInIndex = 0; path = "Modern Sabahlar.app"; sourceTree = BUILT_PRODUCTS_DIR; };
		50A1E2A2166E90100045B1E7 /* UIKit.framework */ = {isa = PBXFileReference; lastKnownFileType = wrapper.framework; name = UIKit.framework; path = System/Library/Frameworks/UIKit.framework; sourceTree = SDKROOT; };
		50A1E2A4166E90100045B1E7 /* Foundation.framework */ = {isa = PBXFileReference; lastKnownFileType = wrapper.framework; name = Foundation.framework; path = System/Library/Frameworks/Foundation.framework; sourceTree = SDKROOT; };
		50A1E2A6166E90100045B1E7 /* CoreGraphics.framework */ = {isa = PBXFileReference; lastKnownFileType = wrapper.framework; name = CoreGraphics.framework; path = System/Library/Frameworks/CoreGraphics.framework; sourceTree = SDKROOT; };
		50A1E2A8166E90100045B1E7 /* CoreData.framework */ = {isa = PBXFileReference; lastKnownFileType = wrapper.framework; name = CoreData.framework; path = System/Library/Frameworks/CoreData.framework; sourceTree = SDKROOT; };
		50A1E2AC166E90100045B1E7 /* Modern Sabahlar-Info.plist */ = {isa = PBXFileReference; lastKnownFileType = text.plist.xml; path = "Modern Sabahlar-Info.plist"; sourceTree = "<group>"; };
		50A1E2AE166E90100045B1E7 /* en */ = {isa = PBXFileReference; lastKnownFileType = text.plist.strings; name = en; path = en.lproj/InfoPlist.strings; sourceTree = "<group>"; };
		50A1E2B0166E90100045B1E7 /* main.m */ = {isa = PBXFileReference; lastKnownFileType = sourcecode.c.objc; path = main.m; sourceTree = "<group>"; };
		50A1E2B2166E90100045B1E7 /* Modern Sabahlar-Prefix.pch */ = {isa = PBXFileReference; lastKnownFileType = sourcecode.c.h; path = "Modern Sabahlar-Prefix.pch"; sourceTree = "<group>"; };
		50A1E2B3166E90100045B1E7 /* MSAppDelegate.h */ = {isa = PBXFileReference; lastKnownFileType = sourcecode.c.h; path = MSAppDelegate.h; sourceTree = "<group>"; };
		50A1E2B4166E90100045B1E7 /* MSAppDelegate.m */ = {isa = PBXFileReference; lastKnownFileType = sourcecode.c.objc; path = MSAppDelegate.m; sourceTree = "<group>"; };
		50A1E2B6166E90100045B1E7 /* Default.png */ = {isa = PBXFileReference; lastKnownFileType = image.png; path = Default.png; sourceTree = "<group>"; };
		50A1E2B8166E90100045B1E7 /* Default@2x.png */ = {isa = PBXFileReference; lastKnownFileType = image.png; path = "Default@2x.png"; sourceTree = "<group>"; };
		50A1E2BA166E90100045B1E7 /* Default-568h@2x.png */ = {isa = PBXFileReference; lastKnownFileType = image.png; path = "Default-568h@2x.png"; sourceTree = "<group>"; };
		50A1E2BD166E90100045B1E7 /* Modern_Sabahlar.xcdatamodel */ = {isa = PBXFileReference; lastKnownFileType = wrapper.xcdatamodel; path = Modern_Sabahlar.xcdatamodel; sourceTree = "<group>"; };
		50A1E2C4166E913E0045B1E7 /* iPhone.storyboard */ = {isa = PBXFileReference; fileEncoding = 4; lastKnownFileType = file.storyboard; path = iPhone.storyboard; sourceTree = "<group>"; };
		50A1E2C6166E914B0045B1E7 /* iPad.storyboard */ = {isa = PBXFileReference; fileEncoding = 4; lastKnownFileType = file.storyboard; path = iPad.storyboard; sourceTree = "<group>"; };
		50A1E2C8166E91D10045B1E7 /* MSiPhoneTableViewController.h */ = {isa = PBXFileReference; fileEncoding = 4; lastKnownFileType = sourcecode.c.h; path = MSiPhoneTableViewController.h; sourceTree = "<group>"; };
		50A1E2C9166E91D10045B1E7 /* MSiPhoneTableViewController.m */ = {isa = PBXFileReference; fileEncoding = 4; lastKnownFileType = sourcecode.c.objc; path = MSiPhoneTableViewController.m; sourceTree = "<group>"; };
		50A1E2CB166E92100045B1E7 /* MSiPhoneNavigationViewController.h */ = {isa = PBXFileReference; fileEncoding = 4; lastKnownFileType = sourcecode.c.h; name = MSiPhoneNavigationViewController.h; path = ../MSiPhoneNavigationViewController.h; sourceTree = "<group>"; };
		50A1E2CC166E92100045B1E7 /* MSiPhoneNavigationViewController.m */ = {isa = PBXFileReference; fileEncoding = 4; lastKnownFileType = sourcecode.c.objc; name = MSiPhoneNavigationViewController.m; path = ../MSiPhoneNavigationViewController.m; sourceTree = "<group>"; };
		50A1E2CE166E962F0045B1E7 /* MSUnplayedSwitch.h */ = {isa = PBXFileReference; fileEncoding = 4; lastKnownFileType = sourcecode.c.h; path = MSUnplayedSwitch.h; sourceTree = "<group>"; };
		50A1E2CF166E962F0045B1E7 /* MSUnplayedSwitch.m */ = {isa = PBXFileReference; fileEncoding = 4; lastKnownFileType = sourcecode.c.objc; path = MSUnplayedSwitch.m; sourceTree = "<group>"; };
		50A1E2D1166E968E0045B1E7 /* Podcast.h */ = {isa = PBXFileReference; fileEncoding = 4; lastKnownFileType = sourcecode.c.h; path = Podcast.h; sourceTree = "<group>"; };
		50A1E2D2166E968E0045B1E7 /* Podcast.m */ = {isa = PBXFileReference; fileEncoding = 4; lastKnownFileType = sourcecode.c.objc; path = Podcast.m; sourceTree = "<group>"; };
/* End PBXFileReference section */

/* Begin PBXFrameworksBuildPhase section */
		50A1E29B166E90100045B1E7 /* Frameworks */ = {
			isa = PBXFrameworksBuildPhase;
			buildActionMask = 2147483647;
			files = (
				50A1E2A3166E90100045B1E7 /* UIKit.framework in Frameworks */,
				50A1E2A5166E90100045B1E7 /* Foundation.framework in Frameworks */,
				50A1E2A7166E90100045B1E7 /* CoreGraphics.framework in Frameworks */,
				50A1E2A9166E90100045B1E7 /* CoreData.framework in Frameworks */,
			);
			runOnlyForDeploymentPostprocessing = 0;
		};
/* End PBXFrameworksBuildPhase section */

/* Begin PBXGroup section */
		50A1E293166E90100045B1E7 = {
			isa = PBXGroup;
			children = (
				50A1E2AA166E90100045B1E7 /* Modern Sabahlar */,
				50A1E2A1166E90100045B1E7 /* Frameworks */,
				50A1E29F166E90100045B1E7 /* Products */,
			);
			sourceTree = "<group>";
		};
		50A1E29F166E90100045B1E7 /* Products */ = {
			isa = PBXGroup;
			children = (
				50A1E29E166E90100045B1E7 /* Modern Sabahlar.app */,
			);
			name = Products;
			sourceTree = "<group>";
		};
		50A1E2A1166E90100045B1E7 /* Frameworks */ = {
			isa = PBXGroup;
			children = (
				50A1E2A2166E90100045B1E7 /* UIKit.framework */,
				50A1E2A4166E90100045B1E7 /* Foundation.framework */,
				50A1E2A6166E90100045B1E7 /* CoreGraphics.framework */,
				50A1E2A8166E90100045B1E7 /* CoreData.framework */,
			);
			name = Frameworks;
			sourceTree = "<group>";
		};
		50A1E2AA166E90100045B1E7 /* Modern Sabahlar */ = {
			isa = PBXGroup;
			children = (
				50A1E2CB166E92100045B1E7 /* MSiPhoneNavigationViewController.h */,
				50A1E2CC166E92100045B1E7 /* MSiPhoneNavigationViewController.m */,
				50A1E2B3166E90100045B1E7 /* MSAppDelegate.h */,
				50A1E2B4166E90100045B1E7 /* MSAppDelegate.m */,
				50A1E2BC166E90100045B1E7 /* Modern_Sabahlar.xcdatamodeld */,
				50A1E2D1166E968E0045B1E7 /* Podcast.h */,
				50A1E2D2166E968E0045B1E7 /* Podcast.m */,
				50A1E2AB166E90100045B1E7 /* Supporting Files */,
				50A1E2C4166E913E0045B1E7 /* iPhone.storyboard */,
				50A1E2C6166E914B0045B1E7 /* iPad.storyboard */,
				50A1E2C8166E91D10045B1E7 /* MSiPhoneTableViewController.h */,
				50A1E2C9166E91D10045B1E7 /* MSiPhoneTableViewController.m */,
				50A1E2CE166E962F0045B1E7 /* MSUnplayedSwitch.h */,
				50A1E2CF166E962F0045B1E7 /* MSUnplayedSwitch.m */,
			);
			path = "Modern Sabahlar";
			sourceTree = "<group>";
		};
		50A1E2AB166E90100045B1E7 /* Supporting Files */ = {
			isa = PBXGroup;
			children = (
				50A1E2AC166E90100045B1E7 /* Modern Sabahlar-Info.plist */,
				50A1E2AD166E90100045B1E7 /* InfoPlist.strings */,
				50A1E2B0166E90100045B1E7 /* main.m */,
				50A1E2B2166E90100045B1E7 /* Modern Sabahlar-Prefix.pch */,
				50A1E2B6166E90100045B1E7 /* Default.png */,
				50A1E2B8166E90100045B1E7 /* Default@2x.png */,
				50A1E2BA166E90100045B1E7 /* Default-568h@2x.png */,
			);
			name = "Supporting Files";
			sourceTree = "<group>";
		};
/* End PBXGroup section */

/* Begin PBXNativeTarget section */
		50A1E29D166E90100045B1E7 /* Modern Sabahlar */ = {
			isa = PBXNativeTarget;
			buildConfigurationList = 50A1E2C1166E90100045B1E7 /* Build configuration list for PBXNativeTarget "Modern Sabahlar" */;
			buildPhases = (
				50A1E29A166E90100045B1E7 /* Sources */,
				50A1E29B166E90100045B1E7 /* Frameworks */,
				50A1E29C166E90100045B1E7 /* Resources */,
			);
			buildRules = (
			);
			dependencies = (
			);
			name = "Modern Sabahlar";
			productName = "Modern Sabahlar";
			productReference = 50A1E29E166E90100045B1E7 /* Modern Sabahlar.app */;
			productType = "com.apple.product-type.application";
		};
/* End PBXNativeTarget section */

/* Begin PBXProject section */
		50A1E295166E90100045B1E7 /* Project object */ = {
			isa = PBXProject;
			attributes = {
				CLASSPREFIX = MS;
				LastUpgradeCheck = 0450;
				ORGANIZATIONNAME = "Onur Baykal";
			};
			buildConfigurationList = 50A1E298166E90100045B1E7 /* Build configuration list for PBXProject "Modern Sabahlar" */;
			compatibilityVersion = "Xcode 3.2";
			developmentRegion = English;
			hasScannedForEncodings = 0;
			knownRegions = (
				en,
			);
			mainGroup = 50A1E293166E90100045B1E7;
			productRefGroup = 50A1E29F166E90100045B1E7 /* Products */;
			projectDirPath = "";
			projectRoot = "";
			targets = (
				50A1E29D166E90100045B1E7 /* Modern Sabahlar */,
			);
		};
/* End PBXProject section */

/* Begin PBXResourcesBuildPhase section */
		50A1E29C166E90100045B1E7 /* Resources */ = {
			isa = PBXResourcesBuildPhase;
			buildActionMask = 2147483647;
			files = (
				50A1E2AF166E90100045B1E7 /* InfoPlist.strings in Resources */,
				50A1E2B7166E90100045B1E7 /* Default.png in Resources */,
				50A1E2B9166E90100045B1E7 /* Default@2x.png in Resources */,
				50A1E2BB166E90100045B1E7 /* Default-568h@2x.png in Resources */,
				50A1E2C5166E913E0045B1E7 /* iPhone.storyboard in Resources */,
				50A1E2C7166E914B0045B1E7 /* iPad.storyboard in Resources */,
			);
			runOnlyForDeploymentPostprocessing = 0;
		};
/* End PBXResourcesBuildPhase section */

/* Begin PBXSourcesBuildPhase section */
		50A1E29A166E90100045B1E7 /* Sources */ = {
			isa = PBXSourcesBuildPhase;
			buildActionMask = 2147483647;
			files = (
				50A1E2B1166E90100045B1E7 /* main.m in Sources */,
				50A1E2B5166E90100045B1E7 /* MSAppDelegate.m in Sources */,
				50A1E2BE166E90100045B1E7 /* Modern_Sabahlar.xcdatamodeld in Sources */,
				50A1E2CA166E91D10045B1E7 /* MSiPhoneTableViewController.m in Sources */,
				50A1E2CD166E92100045B1E7 /* MSiPhoneNavigationViewController.m in Sources */,
				50A1E2D0166E962F0045B1E7 /* MSUnplayedSwitch.m in Sources */,
				50A1E2D3166E968E0045B1E7 /* Podcast.m in Sources */,
			);
			runOnlyForDeploymentPostprocessing = 0;
		};
/* End PBXSourcesBuildPhase section */

/* Begin PBXVariantGroup section */
		50A1E2AD166E90100045B1E7 /* InfoPlist.strings */ = {
			isa = PBXVariantGroup;
			children = (
				50A1E2AE166E90100045B1E7 /* en */,
			);
			name = InfoPlist.strings;
			sourceTree = "<group>";
		};
/* End PBXVariantGroup section */

/* Begin XCBuildConfiguration section */
		50A1E2BF166E90100045B1E7 /* Debug */ = {
			isa = XCBuildConfiguration;
			buildSettings = {
				ALWAYS_SEARCH_USER_PATHS = NO;
				CLANG_CXX_LANGUAGE_STANDARD = "gnu++0x";
				CLANG_CXX_LIBRARY = "libc++";
				CLANG_ENABLE_OBJC_ARC = YES;
				CLANG_WARN_EMPTY_BODY = YES;
				CLANG_WARN__DUPLICATE_METHOD_MATCH = YES;
				"CODE_SIGN_IDENTITY[sdk=iphoneos*]" = "iPhone Developer";
				COPY_PHASE_STRIP = NO;
				GCC_C_LANGUAGE_STANDARD = gnu99;
				GCC_DYNAMIC_NO_PIC = NO;
				GCC_OPTIMIZATION_LEVEL = 0;
				GCC_PREPROCESSOR_DEFINITIONS = (
					"DEBUG=1",
					"$(inherited)",
				);
				GCC_SYMBOLS_PRIVATE_EXTERN = NO;
				GCC_WARN_ABOUT_RETURN_TYPE = YES;
				GCC_WARN_UNINITIALIZED_AUTOS = YES;
				GCC_WARN_UNUSED_VARIABLE = YES;
				IPHONEOS_DEPLOYMENT_TARGET = 6.0;
				ONLY_ACTIVE_ARCH = YES;
				SDKROOT = iphoneos;
			};
			name = Debug;
		};
		50A1E2C0166E90100045B1E7 /* Release */ = {
			isa = XCBuildConfiguration;
			buildSettings = {
				ALWAYS_SEARCH_USER_PATHS = NO;
				CLANG_CXX_LANGUAGE_STANDARD = "gnu++0x";
				CLANG_CXX_LIBRARY = "libc++";
				CLANG_ENABLE_OBJC_ARC = YES;
				CLANG_WARN_EMPTY_BODY = YES;
				CLANG_WARN__DUPLICATE_METHOD_MATCH = YES;
				"CODE_SIGN_IDENTITY[sdk=iphoneos*]" = "iPhone Developer";
				COPY_PHASE_STRIP = YES;
				GCC_C_LANGUAGE_STANDARD = gnu99;
				GCC_WARN_ABOUT_RETURN_TYPE = YES;
				GCC_WARN_UNINITIALIZED_AUTOS = YES;
				GCC_WARN_UNUSED_VARIABLE = YES;
				IPHONEOS_DEPLOYMENT_TARGET = 6.0;
				OTHER_CFLAGS = "-DNS_BLOCK_ASSERTIONS=1";
				SDKROOT = iphoneos;
				VALIDATE_PRODUCT = YES;
			};
			name = Release;
		};
		50A1E2C2166E90100045B1E7 /* Debug */ = {
			isa = XCBuildConfiguration;
			buildSettings = {
				GCC_PRECOMPILE_PREFIX_HEADER = YES;
				GCC_PREFIX_HEADER = "Modern Sabahlar/Modern Sabahlar-Prefix.pch";
				INFOPLIST_FILE = "Modern Sabahlar/Modern Sabahlar-Info.plist";
				PRODUCT_NAME = "$(TARGET_NAME)";
				WRAPPER_EXTENSION = app;
			};
			name = Debug;
		};
		50A1E2C3166E90100045B1E7 /* Release */ = {
			isa = XCBuildConfiguration;
			buildSettings = {
				GCC_PRECOMPILE_PREFIX_HEADER = YES;
				GCC_PREFIX_HEADER = "Modern Sabahlar/Modern Sabahlar-Prefix.pch";
				INFOPLIST_FILE = "Modern Sabahlar/Modern Sabahlar-Info.plist";
				PRODUCT_NAME = "$(TARGET_NAME)";
				WRAPPER_EXTENSION = app;
			};
			name = Release;
		};
/* End XCBuildConfiguration section */

/* Begin XCConfigurationList section */
		50A1E298166E90100045B1E7 /* Build configuration list for PBXProject "Modern Sabahlar" */ = {
			isa = XCConfigurationList;
			buildConfigurations = (
				50A1E2BF166E90100045B1E7 /* Debug */,
				50A1E2C0166E90100045B1E7 /* Release */,
			);
			defaultConfigurationIsVisible = 0;
			defaultConfigurationName = Release;
		};
		50A1E2C1166E90100045B1E7 /* Build configuration list for PBXNativeTarget "Modern Sabahlar" */ = {
			isa = XCConfigurationList;
			buildConfigurations = (
				50A1E2C2166E90100045B1E7 /* Debug */,
				50A1E2C3166E90100045B1E7 /* Release */,
			);
			defaultConfigurationIsVisible = 0;
		};
/* End XCConfigurationList section */

/* Begin XCVersionGroup section */
		50A1E2BC166E90100045B1E7 /* Modern_Sabahlar.xcdatamodeld */ = {
			isa = XCVersionGroup;
			children = (
				50A1E2BD166E90100045B1E7 /* Modern_Sabahlar.xcdatamodel */,
			);
			currentVersion = 50A1E2BD166E90100045B1E7 /* Modern_Sabahlar.xcdatamodel */;
			path = Modern_Sabahlar.xcdatamodeld;
			sourceTree = "<group>";
			versionGroupType = wrapper.xcdatamodel;
		};
/* End XCVersionGroup section */
	};
	rootObject = 50A1E295166E90100045B1E7 /* Project object */;
}
